
Microsoft Visual Studio Solution File, Format Version 12.00
# Visual Studio Version 16
VisualStudioVersion = 16.0.32929.386
MinimumVisualStudioVersion = 10.0.40219.1
Project("{FAE04EC0-301F-11D3-BF4B-00C04F79EFBC}") = "GospodinovD 12-4 Final project", "GospodinovD 12-4 Final project\GospodinovD 12-4 Final project.csproj", "{376ABA66-D296-46DE-8A65-18CE620191B7}"
EndProject
Global
	GlobalSection(SolutionConfigurationPlatforms) = preSolution
		Debug|Any CPU = Debug|Any CPU
		Release|Any CPU = Release|Any CPU
	EndGlobalSection
	GlobalSection(ProjectConfigurationPlatforms) = postSolution
		{376ABA66-D296-46DE-8A65-18CE620191B7}.Debug|Any CPU.ActiveCfg = Debug|Any CPU
		{376ABA66-D296-46DE-8A65-18CE620191B7}.Debug|Any CPU.Build.0 = Debug|Any CPU
		{376ABA66-D296-46DE-8A65-18CE620191B7}.Release|Any CPU.ActiveCfg = Release|Any CPU
		{376ABA66-D296-46DE-8A65-18CE620191B7}.Release|Any CPU.Build.0 = Release|Any CPU
	EndGlobalSection
	GlobalSection(SolutionProperties) = preSolution
		HideSolutionNode = FALSE
	EndGlobalSection
	GlobalSection(ExtensibilityGlobals) = postSolution
		SolutionGuid = {94371017-29D8-48FB-99EA-9175285C1FE4}
	EndGlobalSection
EndGlobal
